
Microsoft Visual Studio Solution File, Format Version 12.00
# Visual Studio Version 16
VisualStudioVersion = 16.0.29509.3
MinimumVisualStudioVersion = 10.0.40219.1
Project("{FAE04EC0-301F-11D3-BF4B-00C04F79EFBC}") = "Povezivanje1", "Povezivanje1\Povezivanje1.csproj", "{63CD1DF6-91BE-419E-A550-8DA97C127D11}"
EndProject
Global
	GlobalSection(SolutionConfigurationPlatforms) = preSolution
		Debug|Any CPU = Debug|Any CPU
		Release|Any CPU = Release|Any CPU
	EndGlobalSection
	GlobalSection(ProjectConfigurationPlatforms) = postSolution
		{63CD1DF6-91BE-419E-A550-8DA97C127D11}.Debug|Any CPU.ActiveCfg = Debug|Any CPU
		{63CD1DF6-91BE-419E-A550-8DA97C127D11}.Debug|Any CPU.Build.0 = Debug|Any CPU
		{63CD1DF6-91BE-419E-A550-8DA97C127D11}.Release|Any CPU.ActiveCfg = Release|Any CPU
		{63CD1DF6-91BE-419E-A550-8DA97C127D11}.Release|Any CPU.Build.0 = Release|Any CPU
	EndGlobalSection
	GlobalSection(SolutionProperties) = preSolution
		HideSolutionNode = FALSE
	EndGlobalSection
	GlobalSection(ExtensibilityGlobals) = postSolution
		SolutionGuid = {2CF4030D-D325-4341-9A8A-4B2C0C704F47}
	EndGlobalSection
EndGlobal
